// !$*UTF8*$!
{
	archiveVersion = 1;
	classes = {
	};
	objectVersion = 50;
	objects = {

/* Begin PBXBuildFile section */
		E162516425F3D8B90034CBA9 /* Country.m in Sources */ = {isa = PBXBuildFile; fileRef = E162516325F3D8B90034CBA9 /* Country.m */; };
		E162516A25F3EAB50034CBA9 /* City.m in Sources */ = {isa = PBXBuildFile; fileRef = E162516925F3EAB50034CBA9 /* City.m */; };
		E166C31225F5120700BB7EEF /* PlaceViewController.m in Sources */ = {isa = PBXBuildFile; fileRef = E166C31125F5120700BB7EEF /* PlaceViewController.m */; };
		E185622D25F3CEB90066B6BA /* AppDelegate.m in Sources */ = {isa = PBXBuildFile; fileRef = E185622C25F3CEB90066B6BA /* AppDelegate.m */; };
		E185623325F3CEB90066B6BA /* MainViewController.m in Sources */ = {isa = PBXBuildFile; fileRef = E185623225F3CEB90066B6BA /* MainViewController.m */; };
		E185623825F3CEBA0066B6BA /* Assets.xcassets in Resources */ = {isa = PBXBuildFile; fileRef = E185623725F3CEBA0066B6BA /* Assets.xcassets */; };
		E185623B25F3CEBA0066B6BA /* LaunchScreen.storyboard in Resources */ = {isa = PBXBuildFile; fileRef = E185623925F3CEBA0066B6BA /* LaunchScreen.storyboard */; };
		E185623E25F3CEBA0066B6BA /* main.m in Sources */ = {isa = PBXBuildFile; fileRef = E185623D25F3CEBA0066B6BA /* main.m */; };
		E185625025F3D5DD0066B6BA /* cities.json in Resources */ = {isa = PBXBuildFile; fileRef = E185624D25F3D5DD0066B6BA /* cities.json */; };
		E185625125F3D5DD0066B6BA /* countries.json in Resources */ = {isa = PBXBuildFile; fileRef = E185624E25F3D5DD0066B6BA /* countries.json */; };
		E185625225F3D5DD0066B6BA /* airports.json in Resources */ = {isa = PBXBuildFile; fileRef = E185624F25F3D5DD0066B6BA /* airports.json */; };
		E18B7D1D25F7A76B00F6630B /* ATPlaceCell.m in Sources */ = {isa = PBXBuildFile; fileRef = E18B7D1C25F7A76B00F6630B /* ATPlaceCell.m */; };
		E18B7D2125F7BC8B00F6630B /* PlaceType.h in Sources */ = {isa = PBXBuildFile; fileRef = E18B7D2025F7BC8B00F6630B /* PlaceType.h */; };
		E191B0C825F3F14200CE4FC6 /* Airport.m in Sources */ = {isa = PBXBuildFile; fileRef = E191B0C725F3F14200CE4FC6 /* Airport.m */; };
		E191B0CD25F3F47900CE4FC6 /* DataManager.m in Sources */ = {isa = PBXBuildFile; fileRef = E191B0CC25F3F47900CE4FC6 /* DataManager.m */; };
		E19F0F3B2600BD1400704C5D /* Ticket.m in Sources */ = {isa = PBXBuildFile; fileRef = E19F0F3A2600BD1400704C5D /* Ticket.m */; };
		E19F0F402600BE7200704C5D /* TicketsTableViewController.m in Sources */ = {isa = PBXBuildFile; fileRef = E19F0F3F2600BE7200704C5D /* TicketsTableViewController.m */; };
		E19F0F452600BFB700704C5D /* TicketCell.m in Sources */ = {isa = PBXBuildFile; fileRef = E19F0F442600BFB700704C5D /* TicketCell.m */; };
		E19F0F4A2600C61500704C5D /* APIManager.m in Sources */ = {isa = PBXBuildFile; fileRef = E19F0F492600C61500704C5D /* APIManager.m */; };
		E19F0F612602218900704C5D /* LocationManager.m in Sources */ = {isa = PBXBuildFile; fileRef = E19F0F602602218900704C5D /* LocationManager.m */; };
		E19F0F6A2602390D00704C5D /* MapPrice.m in Sources */ = {isa = PBXBuildFile; fileRef = E19F0F692602390D00704C5D /* MapPrice.m */; };
		E19F0F6F260242A500704C5D /* MapViewController.m in Sources */ = {isa = PBXBuildFile; fileRef = E19F0F6E260242A500704C5D /* MapViewController.m */; };
/* End PBXBuildFile section */

/* Begin PBXFileReference section */
		E162516225F3D8B90034CBA9 /* Country.h */ = {isa = PBXFileReference; lastKnownFileType = sourcecode.c.h; path = Country.h; sourceTree = "<group>"; };
		E162516325F3D8B90034CBA9 /* Country.m */ = {isa = PBXFileReference; lastKnownFileType = sourcecode.c.objc; path = Country.m; sourceTree = "<group>"; };
		E162516825F3EAB50034CBA9 /* City.h */ = {isa = PBXFileReference; lastKnownFileType = sourcecode.c.h; path = City.h; sourceTree = "<group>"; };
		E162516925F3EAB50034CBA9 /* City.m */ = {isa = PBXFileReference; lastKnownFileType = sourcecode.c.objc; path = City.m; sourceTree = "<group>"; };
		E166C31025F5120700BB7EEF /* PlaceViewController.h */ = {isa = PBXFileReference; lastKnownFileType = sourcecode.c.h; path = PlaceViewController.h; sourceTree = "<group>"; };
		E166C31125F5120700BB7EEF /* PlaceViewController.m */ = {isa = PBXFileReference; lastKnownFileType = sourcecode.c.objc; path = PlaceViewController.m; sourceTree = "<group>"; };
		E166C31525F5269500BB7EEF /* SearchRequest.h */ = {isa = PBXFileReference; lastKnownFileType = sourcecode.c.h; path = SearchRequest.h; sourceTree = "<group>"; };
		E185622825F3CEB90066B6BA /* AviaTickets.app */ = {isa = PBXFileReference; explicitFileType = wrapper.application; includeInIndex = 0; path = AviaTickets.app; sourceTree = BUILT_PRODUCTS_DIR; };
		E185622B25F3CEB90066B6BA /* AppDelegate.h */ = {isa = PBXFileReference; lastKnownFileType = sourcecode.c.h; path = AppDelegate.h; sourceTree = "<group>"; };
		E185622C25F3CEB90066B6BA /* AppDelegate.m */ = {isa = PBXFileReference; lastKnownFileType = sourcecode.c.objc; path = AppDelegate.m; sourceTree = "<group>"; };
		E185623125F3CEB90066B6BA /* MainViewController.h */ = {isa = PBXFileReference; lastKnownFileType = sourcecode.c.h; path = MainViewController.h; sourceTree = "<group>"; };
		E185623225F3CEB90066B6BA /* MainViewController.m */ = {isa = PBXFileReference; lastKnownFileType = sourcecode.c.objc; path = MainViewController.m; sourceTree = "<group>"; };
		E185623725F3CEBA0066B6BA /* Assets.xcassets */ = {isa = PBXFileReference; lastKnownFileType = folder.assetcatalog; path = Assets.xcassets; sourceTree = "<group>"; };
		E185623A25F3CEBA0066B6BA /* Base */ = {isa = PBXFileReference; lastKnownFileType = file.storyboard; name = Base; path = Base.lproj/LaunchScreen.storyboard; sourceTree = "<group>"; };
		E185623C25F3CEBA0066B6BA /* Info.plist */ = {isa = PBXFileReference; lastKnownFileType = text.plist.xml; path = Info.plist; sourceTree = "<group>"; };
		E185623D25F3CEBA0066B6BA /* main.m */ = {isa = PBXFileReference; lastKnownFileType = sourcecode.c.objc; path = main.m; sourceTree = "<group>"; };
		E185624D25F3D5DD0066B6BA /* cities.json */ = {isa = PBXFileReference; fileEncoding = 4; lastKnownFileType = text.json; path = cities.json; sourceTree = "<group>"; };
		E185624E25F3D5DD0066B6BA /* countries.json */ = {isa = PBXFileReference; fileEncoding = 4; lastKnownFileType = text.json; path = countries.json; sourceTree = "<group>"; };
		E185624F25F3D5DD0066B6BA /* airports.json */ = {isa = PBXFileReference; fileEncoding = 4; lastKnownFileType = text.json; path = airports.json; sourceTree = "<group>"; };
		E18B7D1B25F7A76B00F6630B /* ATPlaceCell.h */ = {isa = PBXFileReference; lastKnownFileType = sourcecode.c.h; path = ATPlaceCell.h; sourceTree = "<group>"; };
		E18B7D1C25F7A76B00F6630B /* ATPlaceCell.m */ = {isa = PBXFileReference; lastKnownFileType = sourcecode.c.objc; path = ATPlaceCell.m; sourceTree = "<group>"; };
		E18B7D2025F7BC8B00F6630B /* PlaceType.h */ = {isa = PBXFileReference; lastKnownFileType = sourcecode.c.h; path = PlaceType.h; sourceTree = "<group>"; };
		E191B0C625F3F14200CE4FC6 /* Airport.h */ = {isa = PBXFileReference; lastKnownFileType = sourcecode.c.h; path = Airport.h; sourceTree = "<group>"; };
		E191B0C725F3F14200CE4FC6 /* Airport.m */ = {isa = PBXFileReference; lastKnownFileType = sourcecode.c.objc; path = Airport.m; sourceTree = "<group>"; };
		E191B0CB25F3F47900CE4FC6 /* DataManager.h */ = {isa = PBXFileReference; lastKnownFileType = sourcecode.c.h; path = DataManager.h; sourceTree = "<group>"; };
		E191B0CC25F3F47900CE4FC6 /* DataManager.m */ = {isa = PBXFileReference; lastKnownFileType = sourcecode.c.objc; path = DataManager.m; sourceTree = "<group>"; };
		E19F0F392600BD1400704C5D /* Ticket.h */ = {isa = PBXFileReference; lastKnownFileType = sourcecode.c.h; path = Ticket.h; sourceTree = "<group>"; };
		E19F0F3A2600BD1400704C5D /* Ticket.m */ = {isa = PBXFileReference; lastKnownFileType = sourcecode.c.objc; path = Ticket.m; sourceTree = "<group>"; };
		E19F0F3E2600BE7200704C5D /* TicketsTableViewController.h */ = {isa = PBXFileReference; lastKnownFileType = sourcecode.c.h; path = TicketsTableViewController.h; sourceTree = "<group>"; };
		E19F0F3F2600BE7200704C5D /* TicketsTableViewController.m */ = {isa = PBXFileReference; lastKnownFileType = sourcecode.c.objc; path = TicketsTableViewController.m; sourceTree = "<group>"; };
		E19F0F432600BFB700704C5D /* TicketCell.h */ = {isa = PBXFileReference; lastKnownFileType = sourcecode.c.h; path = TicketCell.h; sourceTree = "<group>"; };
		E19F0F442600BFB700704C5D /* TicketCell.m */ = {isa = PBXFileReference; lastKnownFileType = sourcecode.c.objc; path = TicketCell.m; sourceTree = "<group>"; };
		E19F0F482600C61500704C5D /* APIManager.h */ = {isa = PBXFileReference; lastKnownFileType = sourcecode.c.h; path = APIManager.h; sourceTree = "<group>"; };
		E19F0F492600C61500704C5D /* APIManager.m */ = {isa = PBXFileReference; lastKnownFileType = sourcecode.c.objc; path = APIManager.m; sourceTree = "<group>"; };
		E19F0F5F2602218900704C5D /* LocationManager.h */ = {isa = PBXFileReference; lastKnownFileType = sourcecode.c.h; path = LocationManager.h; sourceTree = "<group>"; };
		E19F0F602602218900704C5D /* LocationManager.m */ = {isa = PBXFileReference; lastKnownFileType = sourcecode.c.objc; path = LocationManager.m; sourceTree = "<group>"; };
		E19F0F682602390D00704C5D /* MapPrice.h */ = {isa = PBXFileReference; lastKnownFileType = sourcecode.c.h; path = MapPrice.h; sourceTree = "<group>"; };
		E19F0F692602390D00704C5D /* MapPrice.m */ = {isa = PBXFileReference; lastKnownFileType = sourcecode.c.objc; path = MapPrice.m; sourceTree = "<group>"; };
		E19F0F6D260242A500704C5D /* MapViewController.h */ = {isa = PBXFileReference; lastKnownFileType = sourcecode.c.h; path = MapViewController.h; sourceTree = "<group>"; };
		E19F0F6E260242A500704C5D /* MapViewController.m */ = {isa = PBXFileReference; lastKnownFileType = sourcecode.c.objc; path = MapViewController.m; sourceTree = "<group>"; };
/* End PBXFileReference section */

/* Begin PBXFrameworksBuildPhase section */
		E185622525F3CEB90066B6BA /* Frameworks */ = {
			isa = PBXFrameworksBuildPhase;
			buildActionMask = 2147483647;
			files = (
			);
			runOnlyForDeploymentPostprocessing = 0;
		};
/* End PBXFrameworksBuildPhase section */

/* Begin PBXGroup section */
		E162516125F3D87F0034CBA9 /* Models */ = {
			isa = PBXGroup;
			children = (
				E162516225F3D8B90034CBA9 /* Country.h */,
				E162516325F3D8B90034CBA9 /* Country.m */,
				E162516825F3EAB50034CBA9 /* City.h */,
				E162516925F3EAB50034CBA9 /* City.m */,
				E191B0C625F3F14200CE4FC6 /* Airport.h */,
				E191B0C725F3F14200CE4FC6 /* Airport.m */,
				E19F0F392600BD1400704C5D /* Ticket.h */,
				E19F0F3A2600BD1400704C5D /* Ticket.m */,
				E19F0F682602390D00704C5D /* MapPrice.h */,
				E19F0F692602390D00704C5D /* MapPrice.m */,
			);
			path = Models;
			sourceTree = "<group>";
		};
		E166C30B25F511B500BB7EEF /* Screens */ = {
			isa = PBXGroup;
			children = (
				E19F0F6C2602428000704C5D /* Map */,
				E19F0F382600BCCC00704C5D /* Tickets */,
				E166C30D25F511C100BB7EEF /* Main */,
				E166C30F25F511CE00BB7EEF /* Place */,
			);
			path = Screens;
			sourceTree = "<group>";
		};
		E166C30D25F511C100BB7EEF /* Main */ = {
			isa = PBXGroup;
			children = (
				E185623125F3CEB90066B6BA /* MainViewController.h */,
				E185623225F3CEB90066B6BA /* MainViewController.m */,
			);
			path = Main;
			sourceTree = "<group>";
		};
		E166C30F25F511CE00BB7EEF /* Place */ = {
			isa = PBXGroup;
			children = (
				E166C31025F5120700BB7EEF /* PlaceViewController.h */,
				E166C31125F5120700BB7EEF /* PlaceViewController.m */,
				E18B7D1A25F7A72900F6630B /* Cell */,
			);
			path = Place;
			sourceTree = "<group>";
		};
		E166C31425F5268800BB7EEF /* Helpers */ = {
			isa = PBXGroup;
			children = (
				E166C31525F5269500BB7EEF /* SearchRequest.h */,
				E18B7D2025F7BC8B00F6630B /* PlaceType.h */,
			);
			path = Helpers;
			sourceTree = "<group>";
		};
		E185621F25F3CEB90066B6BA = {
			isa = PBXGroup;
			children = (
				E185622A25F3CEB90066B6BA /* AviaTickets */,
				E185622925F3CEB90066B6BA /* Products */,
			);
			sourceTree = "<group>";
		};
		E185622925F3CEB90066B6BA /* Products */ = {
			isa = PBXGroup;
			children = (
				E185622825F3CEB90066B6BA /* AviaTickets.app */,
			);
			name = Products;
			sourceTree = "<group>";
		};
		E185622A25F3CEB90066B6BA /* AviaTickets */ = {
			isa = PBXGroup;
			children = (
				E166C31425F5268800BB7EEF /* Helpers */,
				E191B0CA25F3F43A00CE4FC6 /* Services */,
				E162516125F3D87F0034CBA9 /* Models */,
				E185624925F3D4E40066B6BA /* App */,
				E166C30B25F511B500BB7EEF /* Screens */,
				E185624B25F3D5470066B6BA /* Resources */,
				E185623C25F3CEBA0066B6BA /* Info.plist */,
			);
			path = AviaTickets;
			sourceTree = "<group>";
		};
		E185624925F3D4E40066B6BA /* App */ = {
			isa = PBXGroup;
			children = (
				E185622B25F3CEB90066B6BA /* AppDelegate.h */,
				E185622C25F3CEB90066B6BA /* AppDelegate.m */,
			);
			path = App;
			sourceTree = "<group>";
		};
		E185624B25F3D5470066B6BA /* Resources */ = {
			isa = PBXGroup;
			children = (
				E185624F25F3D5DD0066B6BA /* airports.json */,
				E185624D25F3D5DD0066B6BA /* cities.json */,
				E185624E25F3D5DD0066B6BA /* countries.json */,
				E185623725F3CEBA0066B6BA /* Assets.xcassets */,
				E185623925F3CEBA0066B6BA /* LaunchScreen.storyboard */,
				E185623D25F3CEBA0066B6BA /* main.m */,
			);
			path = Resources;
			sourceTree = "<group>";
		};
		E18B7D1A25F7A72900F6630B /* Cell */ = {
			isa = PBXGroup;
			children = (
				E18B7D1B25F7A76B00F6630B /* ATPlaceCell.h */,
				E18B7D1C25F7A76B00F6630B /* ATPlaceCell.m */,
			);
			path = Cell;
			sourceTree = "<group>";
		};
		E191B0CA25F3F43A00CE4FC6 /* Services */ = {
			isa = PBXGroup;
			children = (
				E191B0CB25F3F47900CE4FC6 /* DataManager.h */,
				E191B0CC25F3F47900CE4FC6 /* DataManager.m */,
				E19F0F482600C61500704C5D /* APIManager.h */,
				E19F0F492600C61500704C5D /* APIManager.m */,
				E19F0F5F2602218900704C5D /* LocationManager.h */,
				E19F0F602602218900704C5D /* LocationManager.m */,
			);
			path = Services;
			sourceTree = "<group>";
		};
		E19F0F382600BCCC00704C5D /* Tickets */ = {
			isa = PBXGroup;
			children = (
				E19F0F3E2600BE7200704C5D /* TicketsTableViewController.h */,
				E19F0F3F2600BE7200704C5D /* TicketsTableViewController.m */,
				E19F0F422600BF9100704C5D /* Cell */,
			);
			name = Tickets;
			path = ..;
			sourceTree = "<group>";
		};
		E19F0F422600BF9100704C5D /* Cell */ = {
			isa = PBXGroup;
			children = (
				E19F0F432600BFB700704C5D /* TicketCell.h */,
				E19F0F442600BFB700704C5D /* TicketCell.m */,
			);
			path = Cell;
			sourceTree = "<group>";
		};
		E19F0F6C2602428000704C5D /* Map */ = {
			isa = PBXGroup;
			children = (
				E19F0F6D260242A500704C5D /* MapViewController.h */,
				E19F0F6E260242A500704C5D /* MapViewController.m */,
			);
			path = Map;
			sourceTree = "<group>";
		};
/* End PBXGroup section */

/* Begin PBXNativeTarget section */
		E185622725F3CEB90066B6BA /* AviaTickets */ = {
			isa = PBXNativeTarget;
			buildConfigurationList = E185624125F3CEBA0066B6BA /* Build configuration list for PBXNativeTarget "AviaTickets" */;
			buildPhases = (
				E185622425F3CEB90066B6BA /* Sources */,
				E185622525F3CEB90066B6BA /* Frameworks */,
				E185622625F3CEB90066B6BA /* Resources */,
			);
			buildRules = (
			);
			dependencies = (
			);
			name = AviaTickets;
			productName = AviaTickets;
			productReference = E185622825F3CEB90066B6BA /* AviaTickets.app */;
			productType = "com.apple.product-type.application";
		};
/* End PBXNativeTarget section */

/* Begin PBXProject section */
		E185622025F3CEB90066B6BA /* Project object */ = {
			isa = PBXProject;
			attributes = {
				LastUpgradeCheck = 1240;
				TargetAttributes = {
					E185622725F3CEB90066B6BA = {
						CreatedOnToolsVersion = 12.4;
					};
				};
			};
			buildConfigurationList = E185622325F3CEB90066B6BA /* Build configuration list for PBXProject "AviaTickets" */;
			compatibilityVersion = "Xcode 9.3";
			developmentRegion = en;
			hasScannedForEncodings = 0;
			knownRegions = (
				en,
				Base,
			);
			mainGroup = E185621F25F3CEB90066B6BA;
			productRefGroup = E185622925F3CEB90066B6BA /* Products */;
			projectDirPath = "";
			projectRoot = "";
			targets = (
				E185622725F3CEB90066B6BA /* AviaTickets */,
			);
		};
/* End PBXProject section */

/* Begin PBXResourcesBuildPhase section */
		E185622625F3CEB90066B6BA /* Resources */ = {
			isa = PBXResourcesBuildPhase;
			buildActionMask = 2147483647;
			files = (
				E185625025F3D5DD0066B6BA /* cities.json in Resources */,
				E185623B25F3CEBA0066B6BA /* LaunchScreen.storyboard in Resources */,
				E185625125F3D5DD0066B6BA /* countries.json in Resources */,
				E185623825F3CEBA0066B6BA /* Assets.xcassets in Resources */,
				E185625225F3D5DD0066B6BA /* airports.json in Resources */,
			);
			runOnlyForDeploymentPostprocessing = 0;
		};
/* End PBXResourcesBuildPhase section */

/* Begin PBXSourcesBuildPhase section */
		E185622425F3CEB90066B6BA /* Sources */ = {
			isa = PBXSourcesBuildPhase;
			buildActionMask = 2147483647;
			files = (
				E162516A25F3EAB50034CBA9 /* City.m in Sources */,
				E162516425F3D8B90034CBA9 /* Country.m in Sources */,
				E19F0F452600BFB700704C5D /* TicketCell.m in Sources */,
				E191B0CD25F3F47900CE4FC6 /* DataManager.m in Sources */,
				E19F0F4A2600C61500704C5D /* APIManager.m in Sources */,
				E185623325F3CEB90066B6BA /* MainViewController.m in Sources */,
				E19F0F6A2602390D00704C5D /* MapPrice.m in Sources */,
				E19F0F612602218900704C5D /* LocationManager.m in Sources */,
				E18B7D2125F7BC8B00F6630B /* PlaceType.h in Sources */,
				E19F0F402600BE7200704C5D /* TicketsTableViewController.m in Sources */,
				E166C31225F5120700BB7EEF /* PlaceViewController.m in Sources */,
				E191B0C825F3F14200CE4FC6 /* Airport.m in Sources */,
				E18B7D1D25F7A76B00F6630B /* ATPlaceCell.m in Sources */,
				E19F0F3B2600BD1400704C5D /* Ticket.m in Sources */,
				E185622D25F3CEB90066B6BA /* AppDelegate.m in Sources */,
				E19F0F6F260242A500704C5D /* MapViewController.m in Sources */,
				E185623E25F3CEBA0066B6BA /* main.m in Sources */,
			);
			runOnlyForDeploymentPostprocessing = 0;
		};
/* End PBXSourcesBuildPhase section */

/* Begin PBXVariantGroup section */
		E185623925F3CEBA0066B6BA /* LaunchScreen.storyboard */ = {
			isa = PBXVariantGroup;
			children = (
				E185623A25F3CEBA0066B6BA /* Base */,
			);
			name = LaunchScreen.storyboard;
			sourceTree = "<group>";
		};
/* End PBXVariantGroup section */

/* Begin XCBuildConfiguration section */
		E185623F25F3CEBA0066B6BA /* Debug */ = {
			isa = XCBuildConfiguration;
			buildSettings = {
				ALWAYS_SEARCH_USER_PATHS = NO;
				CLANG_ANALYZER_NONNULL = YES;
				CLANG_ANALYZER_NUMBER_OBJECT_CONVERSION = YES_AGGRESSIVE;
				CLANG_CXX_LANGUAGE_STANDARD = "gnu++14";
				CLANG_CXX_LIBRARY = "libc++";
				CLANG_ENABLE_MODULES = YES;
				CLANG_ENABLE_OBJC_ARC = YES;
				CLANG_ENABLE_OBJC_WEAK = YES;
				CLANG_WARN_BLOCK_CAPTURE_AUTORELEASING = YES;
				CLANG_WARN_BOOL_CONVERSION = YES;
				CLANG_WARN_COMMA = YES;
				CLANG_WARN_CONSTANT_CONVERSION = YES;
				CLANG_WARN_DEPRECATED_OBJC_IMPLEMENTATIONS = YES;
				CLANG_WARN_DIRECT_OBJC_ISA_USAGE = YES_ERROR;
				CLANG_WARN_DOCUMENTATION_COMMENTS = YES;
				CLANG_WARN_EMPTY_BODY = YES;
				CLANG_WARN_ENUM_CONVERSION = YES;
				CLANG_WARN_INFINITE_RECURSION = YES;
				CLANG_WARN_INT_CONVERSION = YES;
				CLANG_WARN_NON_LITERAL_NULL_CONVERSION = YES;
				CLANG_WARN_OBJC_IMPLICIT_RETAIN_SELF = YES;
				CLANG_WARN_OBJC_LITERAL_CONVERSION = YES;
				CLANG_WARN_OBJC_ROOT_CLASS = YES_ERROR;
				CLANG_WARN_QUOTED_INCLUDE_IN_FRAMEWORK_HEADER = YES;
				CLANG_WARN_RANGE_LOOP_ANALYSIS = YES;
				CLANG_WARN_STRICT_PROTOTYPES = YES;
				CLANG_WARN_SUSPICIOUS_MOVE = YES;
				CLANG_WARN_UNGUARDED_AVAILABILITY = YES_AGGRESSIVE;
				CLANG_WARN_UNREACHABLE_CODE = YES;
				CLANG_WARN__DUPLICATE_METHOD_MATCH = YES;
				COPY_PHASE_STRIP = NO;
				DEBUG_INFORMATION_FORMAT = dwarf;
				ENABLE_STRICT_OBJC_MSGSEND = YES;
				ENABLE_TESTABILITY = YES;
				GCC_C_LANGUAGE_STANDARD = gnu11;
				GCC_DYNAMIC_NO_PIC = NO;
				GCC_NO_COMMON_BLOCKS = YES;
				GCC_OPTIMIZATION_LEVEL = 0;
				GCC_PREPROCESSOR_DEFINITIONS = (
					"DEBUG=1",
					"$(inherited)",
				);
				GCC_WARN_64_TO_32_BIT_CONVERSION = YES;
				GCC_WARN_ABOUT_RETURN_TYPE = YES_ERROR;
				GCC_WARN_UNDECLARED_SELECTOR = YES;
				GCC_WARN_UNINITIALIZED_AUTOS = YES_AGGRESSIVE;
				GCC_WARN_UNUSED_FUNCTION = YES;
				GCC_WARN_UNUSED_VARIABLE = YES;
				IPHONEOS_DEPLOYMENT_TARGET = 14.4;
				MTL_ENABLE_DEBUG_INFO = INCLUDE_SOURCE;
				MTL_FAST_MATH = YES;
				ONLY_ACTIVE_ARCH = YES;
				SDKROOT = iphoneos;
			};
			name = Debug;
		};
		E185624025F3CEBA0066B6BA /* Release */ = {
			isa = XCBuildConfiguration;
			buildSettings = {
				ALWAYS_SEARCH_USER_PATHS = NO;
				CLANG_ANALYZER_NONNULL = YES;
				CLANG_ANALYZER_NUMBER_OBJECT_CONVERSION = YES_AGGRESSIVE;
				CLANG_CXX_LANGUAGE_STANDARD = "gnu++14";
				CLANG_CXX_LIBRARY = "libc++";
				CLANG_ENABLE_MODULES = YES;
				CLANG_ENABLE_OBJC_ARC = YES;
				CLANG_ENABLE_OBJC_WEAK = YES;
				CLANG_WARN_BLOCK_CAPTURE_AUTORELEASING = YES;
				CLANG_WARN_BOOL_CONVERSION = YES;
				CLANG_WARN_COMMA = YES;
				CLANG_WARN_CONSTANT_CONVERSION = YES;
				CLANG_WARN_DEPRECATED_OBJC_IMPLEMENTATIONS = YES;
				CLANG_WARN_DIRECT_OBJC_ISA_USAGE = YES_ERROR;
				CLANG_WARN_DOCUMENTATION_COMMENTS = YES;
				CLANG_WARN_EMPTY_BODY = YES;
				CLANG_WARN_ENUM_CONVERSION = YES;
				CLANG_WARN_INFINITE_RECURSION = YES;
				CLANG_WARN_INT_CONVERSION = YES;
				CLANG_WARN_NON_LITERAL_NULL_CONVERSION = YES;
				CLANG_WARN_OBJC_IMPLICIT_RETAIN_SELF = YES;
				CLANG_WARN_OBJC_LITERAL_CONVERSION = YES;
				CLANG_WARN_OBJC_ROOT_CLASS = YES_ERROR;
				CLANG_WARN_QUOTED_INCLUDE_IN_FRAMEWORK_HEADER = YES;
				CLANG_WARN_RANGE_LOOP_ANALYSIS = YES;
				CLANG_WARN_STRICT_PROTOTYPES = YES;
				CLANG_WARN_SUSPICIOUS_MOVE = YES;
				CLANG_WARN_UNGUARDED_AVAILABILITY = YES_AGGRESSIVE;
				CLANG_WARN_UNREACHABLE_CODE = YES;
				CLANG_WARN__DUPLICATE_METHOD_MATCH = YES;
				COPY_PHASE_STRIP = NO;
				DEBUG_INFORMATION_FORMAT = "dwarf-with-dsym";
				ENABLE_NS_ASSERTIONS = NO;
				ENABLE_STRICT_OBJC_MSGSEND = YES;
				GCC_C_LANGUAGE_STANDARD = gnu11;
				GCC_NO_COMMON_BLOCKS = YES;
				GCC_WARN_64_TO_32_BIT_CONVERSION = YES;
				GCC_WARN_ABOUT_RETURN_TYPE = YES_ERROR;
				GCC_WARN_UNDECLARED_SELECTOR = YES;
				GCC_WARN_UNINITIALIZED_AUTOS = YES_AGGRESSIVE;
				GCC_WARN_UNUSED_FUNCTION = YES;
				GCC_WARN_UNUSED_VARIABLE = YES;
				IPHONEOS_DEPLOYMENT_TARGET = 14.4;
				MTL_ENABLE_DEBUG_INFO = NO;
				MTL_FAST_MATH = YES;
				SDKROOT = iphoneos;
				VALIDATE_PRODUCT = YES;
			};
			name = Release;
		};
		E185624225F3CEBA0066B6BA /* Debug */ = {
			isa = XCBuildConfiguration;
			buildSettings = {
				ASSETCATALOG_COMPILER_APPICON_NAME = AppIcon;
				ASSETCATALOG_COMPILER_GLOBAL_ACCENT_COLOR_NAME = AccentColor;
				CODE_SIGN_STYLE = Automatic;
				DEVELOPMENT_TEAM = 7U5XZ95AHH;
				INFOPLIST_FILE = AviaTickets/Info.plist;
				LD_RUNPATH_SEARCH_PATHS = (
					"$(inherited)",
					"@executable_path/Frameworks",
				);
				PRODUCT_BUNDLE_IDENTIFIER = com.vitalyprosvetov.AviaTickets;
				PRODUCT_NAME = "$(TARGET_NAME)";
				TARGETED_DEVICE_FAMILY = "1,2";
			};
			name = Debug;
		};
		E185624325F3CEBA0066B6BA /* Release */ = {
			isa = XCBuildConfiguration;
			buildSettings = {
				ASSETCATALOG_COMPILER_APPICON_NAME = AppIcon;
				ASSETCATALOG_COMPILER_GLOBAL_ACCENT_COLOR_NAME = AccentColor;
				CODE_SIGN_STYLE = Automatic;
				DEVELOPMENT_TEAM = 7U5XZ95AHH;
				INFOPLIST_FILE = AviaTickets/Info.plist;
				LD_RUNPATH_SEARCH_PATHS = (
					"$(inherited)",
					"@executable_path/Frameworks",
				);
				PRODUCT_BUNDLE_IDENTIFIER = com.vitalyprosvetov.AviaTickets;
				PRODUCT_NAME = "$(TARGET_NAME)";
				TARGETED_DEVICE_FAMILY = "1,2";
			};
			name = Release;
		};
/* End XCBuildConfiguration section */

/* Begin XCConfigurationList section */
		E185622325F3CEB90066B6BA /* Build configuration list for PBXProject "AviaTickets" */ = {
			isa = XCConfigurationList;
			buildConfigurations = (
				E185623F25F3CEBA0066B6BA /* Debug */,
				E185624025F3CEBA0066B6BA /* Release */,
			);
			defaultConfigurationIsVisible = 0;
			defaultConfigurationName = Release;
		};
		E185624125F3CEBA0066B6BA /* Build configuration list for PBXNativeTarget "AviaTickets" */ = {
			isa = XCConfigurationList;
			buildConfigurations = (
				E185624225F3CEBA0066B6BA /* Debug */,
				E185624325F3CEBA0066B6BA /* Release */,
			);
			defaultConfigurationIsVisible = 0;
			defaultConfigurationName = Release;
		};
/* End XCConfigurationList section */
	};
	rootObject = E185622025F3CEB90066B6BA /* Project object */;
}
